
Microsoft Visual Studio Solution File, Format Version 12.00
# Visual Studio 14
VisualStudioVersion = 14.0.25123.0
MinimumVisualStudioVersion = 10.0.40219.1
Project("{8BC9CEB8-8B4A-11D0-8D11-00A0C91BC942}") = "DisjointSets", "DisjointSets\DisjointSets.vcxproj", "{869F6350-5C13-40D3-83E5-D65FBC38AE6E}"
EndProject
Project("{2150E333-8FDC-42A3-9474-1A3956D46DE8}") = "Solution Items", "Solution Items", "{E13B7E7E-A6E3-47BD-81CD-E7E418183721}"
	ProjectSection(SolutionItems) = preProject
		README.md = README.md
		WE-Markdown.css = WE-Markdown.css
	EndProjectSection
EndProject
Project("{8BC9CEB8-8B4A-11D0-8D11-00A0C91BC942}") = "LLRB", "LLRB\LLRB.vcxproj", "{105DACD6-88ED-4A59-BF8E-928A8DB398B2}"
EndProject
Global
	GlobalSection(SolutionConfigurationPlatforms) = preSolution
		Debug|x64 = Debug|x64
		Debug|x86 = Debug|x86
		Release|x64 = Release|x64
		Release|x86 = Release|x86
	EndGlobalSection
	GlobalSection(ProjectConfigurationPlatforms) = postSolution
		{869F6350-5C13-40D3-83E5-D65FBC38AE6E}.Debug|x64.ActiveCfg = Debug|x64
		{869F6350-5C13-40D3-83E5-D65FBC38AE6E}.Debug|x64.Build.0 = Debug|x64
		{869F6350-5C13-40D3-83E5-D65FBC38AE6E}.Debug|x86.ActiveCfg = Debug|Win32
		{869F6350-5C13-40D3-83E5-D65FBC38AE6E}.Debug|x86.Build.0 = Debug|Win32
		{869F6350-5C13-40D3-83E5-D65FBC38AE6E}.Release|x64.ActiveCfg = Release|x64
		{869F6350-5C13-40D3-83E5-D65FBC38AE6E}.Release|x64.Build.0 = Release|x64
		{869F6350-5C13-40D3-83E5-D65FBC38AE6E}.Release|x86.ActiveCfg = Release|Win32
		{869F6350-5C13-40D3-83E5-D65FBC38AE6E}.Release|x86.Build.0 = Release|Win32
		{105DACD6-88ED-4A59-BF8E-928A8DB398B2}.Debug|x64.ActiveCfg = Debug|x64
		{105DACD6-88ED-4A59-BF8E-928A8DB398B2}.Debug|x64.Build.0 = Debug|x64
		{105DACD6-88ED-4A59-BF8E-928A8DB398B2}.Debug|x86.ActiveCfg = Debug|Win32
		{105DACD6-88ED-4A59-BF8E-928A8DB398B2}.Debug|x86.Build.0 = Debug|Win32
		{105DACD6-88ED-4A59-BF8E-928A8DB398B2}.Release|x64.ActiveCfg = Release|x64
		{105DACD6-88ED-4A59-BF8E-928A8DB398B2}.Release|x64.Build.0 = Release|x64
		{105DACD6-88ED-4A59-BF8E-928A8DB398B2}.Release|x86.ActiveCfg = Release|Win32
		{105DACD6-88ED-4A59-BF8E-928A8DB398B2}.Release|x86.Build.0 = Release|Win32
	EndGlobalSection
	GlobalSection(SolutionProperties) = preSolution
		HideSolutionNode = FALSE
	EndGlobalSection
EndGlobal
